{
  "originHash" : "148920f59500e344fef624469fc6e39e52178cb76496397b03f65c103898ae8c",
  "pins" : [
    {
      "identity" : "svg2path",
      "kind" : "remoteSourceControl",
      "location" : "https://github.com/Kyome22/SVG2Path.git",
      "state" : {
        "revision" : "1b675a59f6169ba9de8f88500df24e8e38a5cdfa",
        "version" : "0.1.0"
      }
    }
  ],
  "version" : 3
}
